
Microsoft Visual Studio Solution File, Format Version 12.00
# Visual Studio Version 17
VisualStudioVersion = 17.8.34330.188
MinimumVisualStudioVersion = 10.0.40219.1
Project("{2150E333-8FDC-42A3-9474-1A3956D46DE8}") = "Services", "Services", "{841648F3-C6EB-433E-B4DF-3278D94EB61B}"
EndProject
Project("{2150E333-8FDC-42A3-9474-1A3956D46DE8}") = "Warehouse", "Warehouse", "{591A4A67-0AC4-40DC-A889-A41BDB952859}"
EndProject
Project("{2150E333-8FDC-42A3-9474-1A3956D46DE8}") = "Order", "Order", "{0D1FBEB5-7A28-4B78-A42B-B68F156856AA}"
EndProject
Project("{9A19103F-16F7-4668-BE54-9A1E7A4F7556}") = "Order.API", "Order.API\Order.API.csproj", "{FD8F92E3-D927-4A22-B82C-6AE64F7F6172}"
EndProject
Project("{9A19103F-16F7-4668-BE54-9A1E7A4F7556}") = "Warehouse.API", "Warehouse.API\Warehouse.API.csproj", "{EE4E9B7D-2DB9-4949-9139-616F7602AEB4}"
EndProject
Project("{2150E333-8FDC-42A3-9474-1A3956D46DE8}") = "BookManagement", "BookManagement", "{29B59A58-D50A-4CE7-8538-6B2F93E9E783}"
EndProject
Project("{9A19103F-16F7-4668-BE54-9A1E7A4F7556}") = "BookManagement.API", "BookManagement.API\BookManagement.API.csproj", "{F6720893-1B15-4FF1-AF95-A7F7D8755448}"
EndProject
Project("{2150E333-8FDC-42A3-9474-1A3956D46DE8}") = "Search", "Search", "{8C5D246B-C537-4208-BEE9-A6FBB8658615}"
EndProject
Project("{9A19103F-16F7-4668-BE54-9A1E7A4F7556}") = "Search.API", "Search.API\Search.API.csproj", "{1B0EEEF6-48F1-4607-8AA4-6216DF98D13B}"
EndProject
Project("{E53339B2-1760-4266-BCC7-CA923CBCF16C}") = "docker-compose", "docker-compose.dcproj", "{0B8C3C47-023F-40CF-BCCD-5D893783CD29}"
EndProject
Project("{9A19103F-16F7-4668-BE54-9A1E7A4F7556}") = "Order.Application", "Order.Application\Order.Application.csproj", "{61D434CE-E738-44D7-8E67-95C33D03F911}"
EndProject
Project("{9A19103F-16F7-4668-BE54-9A1E7A4F7556}") = "Order.Infrastructure", "Order.Infrastructure\Order.Infrastructure.csproj", "{39F0E288-6E71-457E-B1DD-F41997B04E6B}"
EndProject
Project("{9A19103F-16F7-4668-BE54-9A1E7A4F7556}") = "Order.Domain", "Order.Domain\Order.Domain.csproj", "{D88C9E67-3EFF-4BB0-9FC2-1D3166CB57D7}"
EndProject
Project("{2150E333-8FDC-42A3-9474-1A3956D46DE8}") = "BuildingBlocks", "BuildingBlocks", "{E3E4B727-7A3D-48C7-AE4A-2C2FC6582543}"
EndProject
Project("{9A19103F-16F7-4668-BE54-9A1E7A4F7556}") = "EventBus.Messages", "EventBus.Messages\EventBus.Messages.csproj", "{8CFF181F-12D8-4FEB-A652-0164FBFE9D62}"
EndProject
Project("{9A19103F-16F7-4668-BE54-9A1E7A4F7556}") = "BookManagement.Application", "..\BookManagement.Application\BookManagement.Application.csproj", "{D5411436-86FF-45C7-97CA-253269D8A876}"
EndProject
Project("{9A19103F-16F7-4668-BE54-9A1E7A4F7556}") = "BookManagement.Domain", "..\BookManagement.Domain\BookManagement.Domain.csproj", "{DF5BD4B5-0029-45C5-B008-1ECA0E782B39}"
EndProject
Project("{FAE04EC0-301F-11D3-BF4B-00C04F79EFBC}") = "Shared.Logging", "..\Shared.Logging\Shared.Logging.csproj", "{DCED045C-6DE6-47BA-B1A9-E4981292CEE3}"
EndProject
Global
	GlobalSection(SolutionConfigurationPlatforms) = preSolution
		Debug|Any CPU = Debug|Any CPU
		Release|Any CPU = Release|Any CPU
	EndGlobalSection
	GlobalSection(ProjectConfigurationPlatforms) = postSolution
		{FD8F92E3-D927-4A22-B82C-6AE64F7F6172}.Debug|Any CPU.ActiveCfg = Debug|Any CPU
		{FD8F92E3-D927-4A22-B82C-6AE64F7F6172}.Debug|Any CPU.Build.0 = Debug|Any CPU
		{FD8F92E3-D927-4A22-B82C-6AE64F7F6172}.Release|Any CPU.ActiveCfg = Release|Any CPU
		{FD8F92E3-D927-4A22-B82C-6AE64F7F6172}.Release|Any CPU.Build.0 = Release|Any CPU
		{EE4E9B7D-2DB9-4949-9139-616F7602AEB4}.Debug|Any CPU.ActiveCfg = Debug|Any CPU
		{EE4E9B7D-2DB9-4949-9139-616F7602AEB4}.Debug|Any CPU.Build.0 = Debug|Any CPU
		{EE4E9B7D-2DB9-4949-9139-616F7602AEB4}.Release|Any CPU.ActiveCfg = Release|Any CPU
		{EE4E9B7D-2DB9-4949-9139-616F7602AEB4}.Release|Any CPU.Build.0 = Release|Any CPU
		{F6720893-1B15-4FF1-AF95-A7F7D8755448}.Debug|Any CPU.ActiveCfg = Debug|Any CPU
		{F6720893-1B15-4FF1-AF95-A7F7D8755448}.Debug|Any CPU.Build.0 = Debug|Any CPU
		{F6720893-1B15-4FF1-AF95-A7F7D8755448}.Release|Any CPU.ActiveCfg = Release|Any CPU
		{F6720893-1B15-4FF1-AF95-A7F7D8755448}.Release|Any CPU.Build.0 = Release|Any CPU
		{1B0EEEF6-48F1-4607-8AA4-6216DF98D13B}.Debug|Any CPU.ActiveCfg = Debug|Any CPU
		{1B0EEEF6-48F1-4607-8AA4-6216DF98D13B}.Debug|Any CPU.Build.0 = Debug|Any CPU
		{1B0EEEF6-48F1-4607-8AA4-6216DF98D13B}.Release|Any CPU.ActiveCfg = Release|Any CPU
		{1B0EEEF6-48F1-4607-8AA4-6216DF98D13B}.Release|Any CPU.Build.0 = Release|Any CPU
		{0B8C3C47-023F-40CF-BCCD-5D893783CD29}.Debug|Any CPU.ActiveCfg = Debug|Any CPU
		{0B8C3C47-023F-40CF-BCCD-5D893783CD29}.Debug|Any CPU.Build.0 = Debug|Any CPU
		{0B8C3C47-023F-40CF-BCCD-5D893783CD29}.Release|Any CPU.ActiveCfg = Release|Any CPU
		{0B8C3C47-023F-40CF-BCCD-5D893783CD29}.Release|Any CPU.Build.0 = Release|Any CPU
		{61D434CE-E738-44D7-8E67-95C33D03F911}.Debug|Any CPU.ActiveCfg = Debug|Any CPU
		{61D434CE-E738-44D7-8E67-95C33D03F911}.Debug|Any CPU.Build.0 = Debug|Any CPU
		{61D434CE-E738-44D7-8E67-95C33D03F911}.Release|Any CPU.ActiveCfg = Release|Any CPU
		{61D434CE-E738-44D7-8E67-95C33D03F911}.Release|Any CPU.Build.0 = Release|Any CPU
		{39F0E288-6E71-457E-B1DD-F41997B04E6B}.Debug|Any CPU.ActiveCfg = Debug|Any CPU
		{39F0E288-6E71-457E-B1DD-F41997B04E6B}.Debug|Any CPU.Build.0 = Debug|Any CPU
		{39F0E288-6E71-457E-B1DD-F41997B04E6B}.Release|Any CPU.ActiveCfg = Release|Any CPU
		{39F0E288-6E71-457E-B1DD-F41997B04E6B}.Release|Any CPU.Build.0 = Release|Any CPU
		{D88C9E67-3EFF-4BB0-9FC2-1D3166CB57D7}.Debug|Any CPU.ActiveCfg = Debug|Any CPU
		{D88C9E67-3EFF-4BB0-9FC2-1D3166CB57D7}.Debug|Any CPU.Build.0 = Debug|Any CPU
		{D88C9E67-3EFF-4BB0-9FC2-1D3166CB57D7}.Release|Any CPU.ActiveCfg = Release|Any CPU
		{D88C9E67-3EFF-4BB0-9FC2-1D3166CB57D7}.Release|Any CPU.Build.0 = Release|Any CPU
		{8CFF181F-12D8-4FEB-A652-0164FBFE9D62}.Debug|Any CPU.ActiveCfg = Debug|Any CPU
		{8CFF181F-12D8-4FEB-A652-0164FBFE9D62}.Debug|Any CPU.Build.0 = Debug|Any CPU
		{8CFF181F-12D8-4FEB-A652-0164FBFE9D62}.Release|Any CPU.ActiveCfg = Release|Any CPU
		{8CFF181F-12D8-4FEB-A652-0164FBFE9D62}.Release|Any CPU.Build.0 = Release|Any CPU
		{D5411436-86FF-45C7-97CA-253269D8A876}.Debug|Any CPU.ActiveCfg = Debug|Any CPU
		{D5411436-86FF-45C7-97CA-253269D8A876}.Debug|Any CPU.Build.0 = Debug|Any CPU
		{D5411436-86FF-45C7-97CA-253269D8A876}.Release|Any CPU.ActiveCfg = Release|Any CPU
		{D5411436-86FF-45C7-97CA-253269D8A876}.Release|Any CPU.Build.0 = Release|Any CPU
		{DF5BD4B5-0029-45C5-B008-1ECA0E782B39}.Debug|Any CPU.ActiveCfg = Debug|Any CPU
		{DF5BD4B5-0029-45C5-B008-1ECA0E782B39}.Debug|Any CPU.Build.0 = Debug|Any CPU
		{DF5BD4B5-0029-45C5-B008-1ECA0E782B39}.Release|Any CPU.ActiveCfg = Release|Any CPU
		{DF5BD4B5-0029-45C5-B008-1ECA0E782B39}.Release|Any CPU.Build.0 = Release|Any CPU
		{DCED045C-6DE6-47BA-B1A9-E4981292CEE3}.Debug|Any CPU.ActiveCfg = Debug|Any CPU
		{DCED045C-6DE6-47BA-B1A9-E4981292CEE3}.Debug|Any CPU.Build.0 = Debug|Any CPU
		{DCED045C-6DE6-47BA-B1A9-E4981292CEE3}.Release|Any CPU.ActiveCfg = Release|Any CPU
		{DCED045C-6DE6-47BA-B1A9-E4981292CEE3}.Release|Any CPU.Build.0 = Release|Any CPU
	EndGlobalSection
	GlobalSection(SolutionProperties) = preSolution
		HideSolutionNode = FALSE
	EndGlobalSection
	GlobalSection(NestedProjects) = preSolution
		{591A4A67-0AC4-40DC-A889-A41BDB952859} = {841648F3-C6EB-433E-B4DF-3278D94EB61B}
		{0D1FBEB5-7A28-4B78-A42B-B68F156856AA} = {841648F3-C6EB-433E-B4DF-3278D94EB61B}
		{FD8F92E3-D927-4A22-B82C-6AE64F7F6172} = {0D1FBEB5-7A28-4B78-A42B-B68F156856AA}
		{EE4E9B7D-2DB9-4949-9139-616F7602AEB4} = {591A4A67-0AC4-40DC-A889-A41BDB952859}
		{29B59A58-D50A-4CE7-8538-6B2F93E9E783} = {841648F3-C6EB-433E-B4DF-3278D94EB61B}
		{F6720893-1B15-4FF1-AF95-A7F7D8755448} = {29B59A58-D50A-4CE7-8538-6B2F93E9E783}
		{8C5D246B-C537-4208-BEE9-A6FBB8658615} = {841648F3-C6EB-433E-B4DF-3278D94EB61B}
		{1B0EEEF6-48F1-4607-8AA4-6216DF98D13B} = {8C5D246B-C537-4208-BEE9-A6FBB8658615}
		{61D434CE-E738-44D7-8E67-95C33D03F911} = {0D1FBEB5-7A28-4B78-A42B-B68F156856AA}
		{39F0E288-6E71-457E-B1DD-F41997B04E6B} = {0D1FBEB5-7A28-4B78-A42B-B68F156856AA}
		{D88C9E67-3EFF-4BB0-9FC2-1D3166CB57D7} = {0D1FBEB5-7A28-4B78-A42B-B68F156856AA}
		{8CFF181F-12D8-4FEB-A652-0164FBFE9D62} = {E3E4B727-7A3D-48C7-AE4A-2C2FC6582543}
		{D5411436-86FF-45C7-97CA-253269D8A876} = {29B59A58-D50A-4CE7-8538-6B2F93E9E783}
		{DF5BD4B5-0029-45C5-B008-1ECA0E782B39} = {29B59A58-D50A-4CE7-8538-6B2F93E9E783}
		{DCED045C-6DE6-47BA-B1A9-E4981292CEE3} = {E3E4B727-7A3D-48C7-AE4A-2C2FC6582543}
	EndGlobalSection
	GlobalSection(ExtensibilityGlobals) = postSolution
		SolutionGuid = {DBD42584-84D5-4429-B140-D87D0CEAA937}
	EndGlobalSection
EndGlobal
